// !$*UTF8*$!
{
	archiveVersion = 1;
	classes = {
	};
	objectVersion = 46;
	objects = {

/* Begin PBXBuildFile section */
		94E606791F0D977400C9F8DE /* AppDelegate.swift in Sources */ = {isa = PBXBuildFile; fileRef = 94E606781F0D977400C9F8DE /* AppDelegate.swift */; };
		94E6067B1F0D977400C9F8DE /* ViewController.swift in Sources */ = {isa = PBXBuildFile; fileRef = 94E6067A1F0D977400C9F8DE /* ViewController.swift */; };
		94E6067E1F0D977400C9F8DE /* Main.storyboard in Resources */ = {isa = PBXBuildFile; fileRef = 94E6067C1F0D977400C9F8DE /* Main.storyboard */; };
		94E606801F0D977400C9F8DE /* Assets.xcassets in Resources */ = {isa = PBXBuildFile; fileRef = 94E6067F1F0D977400C9F8DE /* Assets.xcassets */; };
		94E606831F0D977400C9F8DE /* LaunchScreen.storyboard in Resources */ = {isa = PBXBuildFile; fileRef = 94E606811F0D977400C9F8DE /* LaunchScreen.storyboard */; };
/* End PBXBuildFile section */

/* Begin PBXFileReference section */
		94E606751F0D977400C9F8DE /* flashcard.app */ = {isa = PBXFileReference; explicitFileType = wrapper.application; includeInIndex = 0; path = flashcard.app; sourceTree = BUILT_PRODUCTS_DIR; };
		94E606781F0D977400C9F8DE /* AppDelegate.swift */ = {isa = PBXFileReference; lastKnownFileType = sourcecode.swift; path = AppDelegate.swift; sourceTree = "<group>"; };
		94E6067A1F0D977400C9F8DE /* ViewController.swift */ = {isa = PBXFileReference; lastKnownFileType = sourcecode.swift; path = ViewController.swift; sourceTree = "<group>"; };
		94E6067D1F0D977400C9F8DE /* Base */ = {isa = PBXFileReference; lastKnownFileType = file.storyboard; name = Base; path = Base.lproj/Main.storyboard; sourceTree = "<group>"; };
		94E6067F1F0D977400C9F8DE /* Assets.xcassets */ = {isa = PBXFileReference; lastKnownFileType = folder.assetcatalog; path = Assets.xcassets; sourceTree = "<group>"; };
		94E606821F0D977400C9F8DE /* Base */ = {isa = PBXFileReference; lastKnownFileType = file.storyboard; name = Base; path = Base.lproj/LaunchScreen.storyboard; sourceTree = "<group>"; };
		94E606841F0D977400C9F8DE /* Info.plist */ = {isa = PBXFileReference; lastKnownFileType = text.plist.xml; path = Info.plist; sourceTree = "<group>"; };
/* End PBXFileReference section */

/* Begin PBXFrameworksBuildPhase section */
		94E606721F0D977400C9F8DE /* Frameworks */ = {
			isa = PBXFrameworksBuildPhase;
			buildActionMask = 2147483647;
			files = (
			);
			runOnlyForDeploymentPostprocessing = 0;
		};
/* End PBXFrameworksBuildPhase section */

/* Begin PBXGroup section */
		94E6066C1F0D977400C9F8DE = {
			isa = PBXGroup;
			children = (
				94E606771F0D977400C9F8DE /* flashcard */,
				94E606761F0D977400C9F8DE /* Products */,
			);
			sourceTree = "<group>";
		};
		94E606761F0D977400C9F8DE /* Products */ = {
			isa = PBXGroup;
			children = (
				94E606751F0D977400C9F8DE /* flashcard.app */,
			);
			name = Products;
			sourceTree = "<group>";
		};
		94E606771F0D977400C9F8DE /* flashcard */ = {
			isa = PBXGroup;
			children = (
				94E606781F0D977400C9F8DE /* AppDelegate.swift */,
				94E6067A1F0D977400C9F8DE /* ViewController.swift */,
				94E6067C1F0D977400C9F8DE /* Main.storyboard */,
				94E6067F1F0D977400C9F8DE /* Assets.xcassets */,
				94E606811F0D977400C9F8DE /* LaunchScreen.storyboard */,
				94E606841F0D977400C9F8DE /* Info.plist */,
			);
			path = flashcard;
			sourceTree = "<group>";
		};
/* End PBXGroup section */

/* Begin PBXNativeTarget section */
		94E606741F0D977400C9F8DE /* flashcard */ = {
			isa = PBXNativeTarget;
			buildConfigurationList = 94E606871F0D977400C9F8DE /* Build configuration list for PBXNativeTarget "flashcard" */;
			buildPhases = (
				94E606711F0D977400C9F8DE /* Sources */,
				94E606721F0D977400C9F8DE /* Frameworks */,
				94E606731F0D977400C9F8DE /* Resources */,
			);
			buildRules = (
			);
			dependencies = (
			);
			name = flashcard;
			productName = flashcard;
			productReference = 94E606751F0D977400C9F8DE /* flashcard.app */;
			productType = "com.apple.product-type.application";
		};
/* End PBXNativeTarget section */

/* Begin PBXProject section */
		94E6066D1F0D977400C9F8DE /* Project object */ = {
			isa = PBXProject;
			attributes = {
				LastSwiftUpdateCheck = 0830;
				LastUpgradeCheck = 0830;
				ORGANIZATIONNAME = "iD Tech";
				TargetAttributes = {
					94E606741F0D977400C9F8DE = {
						CreatedOnToolsVersion = 8.3.1;
						ProvisioningStyle = Automatic;
					};
				};
			};
			buildConfigurationList = 94E606701F0D977400C9F8DE /* Build configuration list for PBXProject "flashcard" */;
			compatibilityVersion = "Xcode 3.2";
			developmentRegion = English;
			hasScannedForEncodings = 0;
			knownRegions = (
				en,
				Base,
			);
			mainGroup = 94E6066C1F0D977400C9F8DE;
			productRefGroup = 94E606761F0D977400C9F8DE /* Products */;
			projectDirPath = "";
			projectRoot = "";
			targets = (
				94E606741F0D977400C9F8DE /* flashcard */,
			);
		};
/* End PBXProject section */

/* Begin PBXResourcesBuildPhase section */
		94E606731F0D977400C9F8DE /* Resources */ = {
			isa = PBXResourcesBuildPhase;
			buildActionMask = 2147483647;
			files = (
				94E606831F0D977400C9F8DE /* LaunchScreen.storyboard in Resources */,
				94E606801F0D977400C9F8DE /* Assets.xcassets in Resources */,
				94E6067E1F0D977400C9F8DE /* Main.storyboard in Resources */,
			);
			runOnlyForDeploymentPostprocessing = 0;
		};
/* End PBXResourcesBuildPhase section */

/* Begin PBXSourcesBuildPhase section */
		94E606711F0D977400C9F8DE /* Sources */ = {
			isa = PBXSourcesBuildPhase;
			buildActionMask = 2147483647;
			files = (
				94E6067B1F0D977400C9F8DE /* ViewController.swift in Sources */,
				94E606791F0D977400C9F8DE /* AppDelegate.swift in Sources */,
			);
			runOnlyForDeploymentPostprocessing = 0;
		};
/* End PBXSourcesBuildPhase section */

/* Begin PBXVariantGroup section */
		94E6067C1F0D977400C9F8DE /* Main.storyboard */ = {
			isa = PBXVariantGroup;
			children = (
				94E6067D1F0D977400C9F8DE /* Base */,
			);
			name = Main.storyboard;
			sourceTree = "<group>";
		};
		94E606811F0D977400C9F8DE /* LaunchScreen.storyboard */ = {
			isa = PBXVariantGroup;
			children = (
				94E606821F0D977400C9F8DE /* Base */,
			);
			name = LaunchScreen.storyboard;
			sourceTree = "<group>";
		};
/* End PBXVariantGroup section */

/* Begin XCBuildConfiguration section */
		94E606851F0D977400C9F8DE /* Debug */ = {
			isa = XCBuildConfiguration;
			buildSettings = {
				ALWAYS_SEARCH_USER_PATHS = NO;
				CLANG_ANALYZER_NONNULL = YES;
				CLANG_ANALYZER_NUMBER_OBJECT_CONVERSION = YES_AGGRESSIVE;
				CLANG_CXX_LANGUAGE_STANDARD = "gnu++0x";
				CLANG_CXX_LIBRARY = "libc++";
				CLANG_ENABLE_MODULES = YES;
				CLANG_ENABLE_OBJC_ARC = YES;
				CLANG_WARN_BOOL_CONVERSION = YES;
				CLANG_WARN_CONSTANT_CONVERSION = YES;
				CLANG_WARN_DIRECT_OBJC_ISA_USAGE = YES_ERROR;
				CLANG_WARN_DOCUMENTATION_COMMENTS = YES;
				CLANG_WARN_EMPTY_BODY = YES;
				CLANG_WARN_ENUM_CONVERSION = YES;
				CLANG_WARN_INFINITE_RECURSION = YES;
				CLANG_WARN_INT_CONVERSION = YES;
				CLANG_WARN_OBJC_ROOT_CLASS = YES_ERROR;
				CLANG_WARN_SUSPICIOUS_MOVE = YES;
				CLANG_WARN_UNREACHABLE_CODE = YES;
				CLANG_WARN__DUPLICATE_METHOD_MATCH = YES;
				"CODE_SIGN_IDENTITY[sdk=iphoneos*]" = "iPhone Developer";
				COPY_PHASE_STRIP = NO;
				DEBUG_INFORMATION_FORMAT = dwarf;
				ENABLE_STRICT_OBJC_MSGSEND = YES;
				ENABLE_TESTABILITY = YES;
				GCC_C_LANGUAGE_STANDARD = gnu99;
				GCC_DYNAMIC_NO_PIC = NO;
				GCC_NO_COMMON_BLOCKS = YES;
				GCC_OPTIMIZATION_LEVEL = 0;
				GCC_PREPROCESSOR_DEFINITIONS = (
					"DEBUG=1",
					"$(inherited)",
				);
				GCC_WARN_64_TO_32_BIT_CONVERSION = YES;
				GCC_WARN_ABOUT_RETURN_TYPE = YES_ERROR;
				GCC_WARN_UNDECLARED_SELECTOR = YES;
				GCC_WARN_UNINITIALIZED_AUTOS = YES_AGGRESSIVE;
				GCC_WARN_UNUSED_FUNCTION = YES;
				GCC_WARN_UNUSED_VARIABLE = YES;
				IPHONEOS_DEPLOYMENT_TARGET = 10.3;
				MTL_ENABLE_DEBUG_INFO = YES;
				ONLY_ACTIVE_ARCH = YES;
				SDKROOT = iphoneos;
				SWIFT_ACTIVE_COMPILATION_CONDITIONS = DEBUG;
				SWIFT_OPTIMIZATION_LEVEL = "-Onone";
				TARGETED_DEVICE_FAMILY = "1,2";
			};
			name = Debug;
		};
		94E606861F0D977400C9F8DE /* Release */ = {
			isa = XCBuildConfiguration;
			buildSettings = {
				ALWAYS_SEARCH_USER_PATHS = NO;
				CLANG_ANALYZER_NONNULL = YES;
				CLANG_ANALYZER_NUMBER_OBJECT_CONVERSION = YES_AGGRESSIVE;
				CLANG_CXX_LANGUAGE_STANDARD = "gnu++0x";
				CLANG_CXX_LIBRARY = "libc++";
				CLANG_ENABLE_MODULES = YES;
				CLANG_ENABLE_OBJC_ARC = YES;
				CLANG_WARN_BOOL_CONVERSION = YES;
				CLANG_WARN_CONSTANT_CONVERSION = YES;
				CLANG_WARN_DIRECT_OBJC_ISA_USAGE = YES_ERROR;
				CLANG_WARN_DOCUMENTATION_COMMENTS = YES;
				CLANG_WARN_EMPTY_BODY = YES;
				CLANG_WARN_ENUM_CONVERSION = YES;
				CLANG_WARN_INFINITE_RECURSION = YES;
				CLANG_WARN_INT_CONVERSION = YES;
				CLANG_WARN_OBJC_ROOT_CLASS = YES_ERROR;
				CLANG_WARN_SUSPICIOUS_MOVE = YES;
				CLANG_WARN_UNREACHABLE_CODE = YES;
				CLANG_WARN__DUPLICATE_METHOD_MATCH = YES;
				"CODE_SIGN_IDENTITY[sdk=iphoneos*]" = "iPhone Developer";
				COPY_PHASE_STRIP = NO;
				DEBUG_INFORMATION_FORMAT = "dwarf-with-dsym";
				ENABLE_NS_ASSERTIONS = NO;
				ENABLE_STRICT_OBJC_MSGSEND = YES;
				GCC_C_LANGUAGE_STANDARD = gnu99;
				GCC_NO_COMMON_BLOCKS = YES;
				GCC_WARN_64_TO_32_BIT_CONVERSION = YES;
				GCC_WARN_ABOUT_RETURN_TYPE = YES_ERROR;
				GCC_WARN_UNDECLARED_SELECTOR = YES;
				GCC_WARN_UNINITIALIZED_AUTOS = YES_AGGRESSIVE;
				GCC_WARN_UNUSED_FUNCTION = YES;
				GCC_WARN_UNUSED_VARIABLE = YES;
				IPHONEOS_DEPLOYMENT_TARGET = 10.3;
				MTL_ENABLE_DEBUG_INFO = NO;
				SDKROOT = iphoneos;
				SWIFT_OPTIMIZATION_LEVEL = "-Owholemodule";
				TARGETED_DEVICE_FAMILY = "1,2";
				VALIDATE_PRODUCT = YES;
			};
			name = Release;
		};
		94E606881F0D977400C9F8DE /* Debug */ = {
			isa = XCBuildConfiguration;
			buildSettings = {
				ASSETCATALOG_COMPILER_APPICON_NAME = AppIcon;
				INFOPLIST_FILE = flashcard/Info.plist;
				LD_RUNPATH_SEARCH_PATHS = "$(inherited) @executable_path/Frameworks";
				PRODUCT_BUNDLE_IDENTIFIER = com.iDTech.flashcard;
				PRODUCT_NAME = "$(TARGET_NAME)";
				SWIFT_VERSION = 3.0;
			};
			name = Debug;
		};
		94E606891F0D977400C9F8DE /* Release */ = {
			isa = XCBuildConfiguration;
			buildSettings = {
				ASSETCATALOG_COMPILER_APPICON_NAME = AppIcon;
				INFOPLIST_FILE = flashcard/Info.plist;
				LD_RUNPATH_SEARCH_PATHS = "$(inherited) @executable_path/Frameworks";
				PRODUCT_BUNDLE_IDENTIFIER = com.iDTech.flashcard;
				PRODUCT_NAME = "$(TARGET_NAME)";
				SWIFT_VERSION = 3.0;
			};
			name = Release;
		};
/* End XCBuildConfiguration section */

/* Begin XCConfigurationList section */
		94E606701F0D977400C9F8DE /* Build configuration list for PBXProject "flashcard" */ = {
			isa = XCConfigurationList;
			buildConfigurations = (
				94E606851F0D977400C9F8DE /* Debug */,
				94E606861F0D977400C9F8DE /* Release */,
			);
			defaultConfigurationIsVisible = 0;
			defaultConfigurationName = Release;
		};
		94E606871F0D977400C9F8DE /* Build configuration list for PBXNativeTarget "flashcard" */ = {
			isa = XCConfigurationList;
			buildConfigurations = (
				94E606881F0D977400C9F8DE /* Debug */,
				94E606891F0D977400C9F8DE /* Release */,
			);
			defaultConfigurationIsVisible = 0;
		};
/* End XCConfigurationList section */
	};
	rootObject = 94E6066D1F0D977400C9F8DE /* Project object */;
}
